
Microsoft Visual Studio Solution File, Format Version 12.00
# Visual Studio Version 17
VisualStudioVersion = 17.6.33815.320
MinimumVisualStudioVersion = 10.0.40219.1
Project("{FAE04EC0-301F-11D3-BF4B-00C04F79EFBC}") = "zuse_ws_service", "zuse_ws_service\zuse_ws_service.csproj", "{61369AF7-535B-461D-B0E2-68231D344429}"
EndProject
Global
	GlobalSection(SolutionConfigurationPlatforms) = preSolution
		Debug|Any CPU = Debug|Any CPU
		Release|Any CPU = Release|Any CPU
	EndGlobalSection
	GlobalSection(ProjectConfigurationPlatforms) = postSolution
		{61369AF7-535B-461D-B0E2-68231D344429}.Debug|Any CPU.ActiveCfg = Debug|Any CPU
		{61369AF7-535B-461D-B0E2-68231D344429}.Debug|Any CPU.Build.0 = Debug|Any CPU
		{61369AF7-535B-461D-B0E2-68231D344429}.Release|Any CPU.ActiveCfg = Release|Any CPU
		{61369AF7-535B-461D-B0E2-68231D344429}.Release|Any CPU.Build.0 = Release|Any CPU
	EndGlobalSection
	GlobalSection(SolutionProperties) = preSolution
		HideSolutionNode = FALSE
	EndGlobalSection
	GlobalSection(ExtensibilityGlobals) = postSolution
		SolutionGuid = {5F9196BE-4174-4E8D-A4D0-E2FBC9206BA9}
	EndGlobalSection
EndGlobal
